
Microsoft Visual Studio Solution File, Format Version 11.00
# Visual Studio 2010
Project("{54435603-DBB4-11D2-8724-00A0C9A8B90C}") = "SokoSolve.Deploy", "SokoSolve.Deploy\SokoSolve.Deploy.vdproj", "{8D5B4830-6CDF-4964-B462-BF96B86EA6C7}"
EndProject
Project("{E24C65DC-7377-472B-9ABA-BC803B73C61A}") = "SokoSolve.Html", "SokoSolve.Html\", "{31F063CD-E29D-4917-A385-C3F016B4E531}"
	ProjectSection(WebsiteProperties) = preProject
		SccProjectName = "Svn"
		SccAuxPath = "Svn"
		SccLocalPath = "Svn"
		SccProvider = "SubversionScc"
		TargetFrameworkMoniker = ".NETFramework,Version%3Dv4.0"
		Debug.AspNetCompiler.VirtualPath = "/SokoSolve.Html"
		Debug.AspNetCompiler.PhysicalPath = "SokoSolve.Html\"
		Debug.AspNetCompiler.TargetPath = "PrecompiledWeb\SokoSolve.Html\"
		Debug.AspNetCompiler.Updateable = "true"
		Debug.AspNetCompiler.ForceOverwrite = "true"
		Debug.AspNetCompiler.FixedNames = "false"
		Debug.AspNetCompiler.Debug = "True"
		Release.AspNetCompiler.VirtualPath = "/SokoSolve.Html"
		Release.AspNetCompiler.PhysicalPath = "SokoSolve.Html\"
		Release.AspNetCompiler.TargetPath = "PrecompiledWeb\SokoSolve.Html\"
		Release.AspNetCompiler.Updateable = "true"
		Release.AspNetCompiler.ForceOverwrite = "true"
		Release.AspNetCompiler.FixedNames = "false"
		Release.AspNetCompiler.Debug = "False"
		VWDPort = "49467"
	EndProjectSection
EndProject
Project("{FAE04EC0-301F-11D3-BF4B-00C04F79EFBC}") = "SokoSolve.Console", "SokoSolve.Console\SokoSolve.Console.csproj", "{D382F62D-AEA9-4B16-8F4B-0876AD0ECD24}"
EndProject
Project("{FAE04EC0-301F-11D3-BF4B-00C04F79EFBC}") = "SokoSolve.Common", "SokoSolve.Common\SokoSolve.Common.csproj", "{0DEBF03E-A3D8-445B-95C6-6F777F5A9970}"
EndProject
Project("{FAE04EC0-301F-11D3-BF4B-00C04F79EFBC}") = "SokoSolve.Core", "SokoSolve.Core\SokoSolve.Core.csproj", "{1A95D7E8-F0B8-4596-85F1-57C100A5D754}"
EndProject
Project("{FAE04EC0-301F-11D3-BF4B-00C04F79EFBC}") = "SokoSolve.UI", "SokoSolve.UI\SokoSolve.UI.csproj", "{87D7432C-9CCA-41BE-9B0C-CBFC57F518D5}"
EndProject
Project("{FAE04EC0-301F-11D3-BF4B-00C04F79EFBC}") = "SokoSolve.Test", "SokoSolve.Test\SokoSolve.Test.csproj", "{04E6AAA7-DB10-4F61-BC6C-5211D189D40A}"
EndProject
Project("{FAE04EC0-301F-11D3-BF4B-00C04F79EFBC}") = "SokoSolve.Services", "SokoSolve.Services\SokoSolve.Services.csproj", "{613092A1-871D-427D-B007-B54EB4B98129}"
EndProject
Project("{FAE04EC0-301F-11D3-BF4B-00C04F79EFBC}") = "SoloSolve.UI.WPF", "SoloSolve.UI.WPF\SoloSolve.UI.WPF.csproj", "{51FF3671-EE9D-4F50-A980-DA97731B3C79}"
EndProject
Global
	GlobalSection(SubversionScc) = preSolution
		Svn-Managed = True
		Manager = AnkhSVN - Subversion Support for Visual Studio
	EndGlobalSection
	GlobalSection(SolutionConfigurationPlatforms) = preSolution
		Debug|.NET = Debug|.NET
		Debug|Any CPU = Debug|Any CPU
		Debug|Mixed Platforms = Debug|Mixed Platforms
		Debug|x86 = Debug|x86
		Release|.NET = Release|.NET
		Release|Any CPU = Release|Any CPU
		Release|Mixed Platforms = Release|Mixed Platforms
		Release|x86 = Release|x86
	EndGlobalSection
	GlobalSection(ProjectConfigurationPlatforms) = postSolution
		{8D5B4830-6CDF-4964-B462-BF96B86EA6C7}.Debug|.NET.ActiveCfg = Debug
		{8D5B4830-6CDF-4964-B462-BF96B86EA6C7}.Debug|.NET.Build.0 = Debug
		{8D5B4830-6CDF-4964-B462-BF96B86EA6C7}.Debug|Any CPU.ActiveCfg = Debug
		{8D5B4830-6CDF-4964-B462-BF96B86EA6C7}.Debug|Mixed Platforms.ActiveCfg = Debug
		{8D5B4830-6CDF-4964-B462-BF96B86EA6C7}.Debug|x86.ActiveCfg = Debug
		{8D5B4830-6CDF-4964-B462-BF96B86EA6C7}.Debug|x86.Build.0 = Debug
		{8D5B4830-6CDF-4964-B462-BF96B86EA6C7}.Release|.NET.ActiveCfg = Release
		{8D5B4830-6CDF-4964-B462-BF96B86EA6C7}.Release|.NET.Build.0 = Release
		{8D5B4830-6CDF-4964-B462-BF96B86EA6C7}.Release|Any CPU.ActiveCfg = Release
		{8D5B4830-6CDF-4964-B462-BF96B86EA6C7}.Release|Any CPU.Build.0 = Release
		{8D5B4830-6CDF-4964-B462-BF96B86EA6C7}.Release|Mixed Platforms.ActiveCfg = Release
		{8D5B4830-6CDF-4964-B462-BF96B86EA6C7}.Release|Mixed Platforms.Build.0 = Release
		{8D5B4830-6CDF-4964-B462-BF96B86EA6C7}.Release|x86.ActiveCfg = Release
		{8D5B4830-6CDF-4964-B462-BF96B86EA6C7}.Release|x86.Build.0 = Release
		{31F063CD-E29D-4917-A385-C3F016B4E531}.Debug|.NET.ActiveCfg = Debug|.NET
		{31F063CD-E29D-4917-A385-C3F016B4E531}.Debug|.NET.Build.0 = Debug|.NET
		{31F063CD-E29D-4917-A385-C3F016B4E531}.Debug|Any CPU.ActiveCfg = Debug|.NET
		{31F063CD-E29D-4917-A385-C3F016B4E531}.Debug|Mixed Platforms.ActiveCfg = Debug|.NET
		{31F063CD-E29D-4917-A385-C3F016B4E531}.Debug|x86.ActiveCfg = Debug|.NET
		{31F063CD-E29D-4917-A385-C3F016B4E531}.Release|.NET.ActiveCfg = Debug|.NET
		{31F063CD-E29D-4917-A385-C3F016B4E531}.Release|.NET.Build.0 = Debug|.NET
		{31F063CD-E29D-4917-A385-C3F016B4E531}.Release|Any CPU.ActiveCfg = Debug|.NET
		{31F063CD-E29D-4917-A385-C3F016B4E531}.Release|Mixed Platforms.ActiveCfg = Debug|.NET
		{31F063CD-E29D-4917-A385-C3F016B4E531}.Release|Mixed Platforms.Build.0 = Debug|.NET
		{31F063CD-E29D-4917-A385-C3F016B4E531}.Release|x86.ActiveCfg = Debug|.NET
		{D382F62D-AEA9-4B16-8F4B-0876AD0ECD24}.Debug|.NET.ActiveCfg = Debug|Any CPU
		{D382F62D-AEA9-4B16-8F4B-0876AD0ECD24}.Debug|Any CPU.ActiveCfg = Debug|Any CPU
		{D382F62D-AEA9-4B16-8F4B-0876AD0ECD24}.Debug|Any CPU.Build.0 = Debug|Any CPU
		{D382F62D-AEA9-4B16-8F4B-0876AD0ECD24}.Debug|Mixed Platforms.ActiveCfg = Debug|Any CPU
		{D382F62D-AEA9-4B16-8F4B-0876AD0ECD24}.Debug|Mixed Platforms.Build.0 = Debug|Any CPU
		{D382F62D-AEA9-4B16-8F4B-0876AD0ECD24}.Debug|x86.ActiveCfg = Debug|Any CPU
		{D382F62D-AEA9-4B16-8F4B-0876AD0ECD24}.Release|.NET.ActiveCfg = Release|Any CPU
		{D382F62D-AEA9-4B16-8F4B-0876AD0ECD24}.Release|Any CPU.ActiveCfg = Release|Any CPU
		{D382F62D-AEA9-4B16-8F4B-0876AD0ECD24}.Release|Any CPU.Build.0 = Release|Any CPU
		{D382F62D-AEA9-4B16-8F4B-0876AD0ECD24}.Release|Mixed Platforms.ActiveCfg = Release|Any CPU
		{D382F62D-AEA9-4B16-8F4B-0876AD0ECD24}.Release|Mixed Platforms.Build.0 = Release|Any CPU
		{D382F62D-AEA9-4B16-8F4B-0876AD0ECD24}.Release|x86.ActiveCfg = Release|Any CPU
		{0DEBF03E-A3D8-445B-95C6-6F777F5A9970}.Debug|.NET.ActiveCfg = Debug|Any CPU
		{0DEBF03E-A3D8-445B-95C6-6F777F5A9970}.Debug|Any CPU.ActiveCfg = Debug|Any CPU
		{0DEBF03E-A3D8-445B-95C6-6F777F5A9970}.Debug|Any CPU.Build.0 = Debug|Any CPU
		{0DEBF03E-A3D8-445B-95C6-6F777F5A9970}.Debug|Mixed Platforms.ActiveCfg = Debug|Any CPU
		{0DEBF03E-A3D8-445B-95C6-6F777F5A9970}.Debug|Mixed Platforms.Build.0 = Debug|Any CPU
		{0DEBF03E-A3D8-445B-95C6-6F777F5A9970}.Debug|x86.ActiveCfg = Debug|Any CPU
		{0DEBF03E-A3D8-445B-95C6-6F777F5A9970}.Release|.NET.ActiveCfg = Release|Any CPU
		{0DEBF03E-A3D8-445B-95C6-6F777F5A9970}.Release|Any CPU.ActiveCfg = Release|Any CPU
		{0DEBF03E-A3D8-445B-95C6-6F777F5A9970}.Release|Any CPU.Build.0 = Release|Any CPU
		{0DEBF03E-A3D8-445B-95C6-6F777F5A9970}.Release|Mixed Platforms.ActiveCfg = Release|Any CPU
		{0DEBF03E-A3D8-445B-95C6-6F777F5A9970}.Release|Mixed Platforms.Build.0 = Release|Any CPU
		{0DEBF03E-A3D8-445B-95C6-6F777F5A9970}.Release|x86.ActiveCfg = Release|Any CPU
		{1A95D7E8-F0B8-4596-85F1-57C100A5D754}.Debug|.NET.ActiveCfg = Debug|Any CPU
		{1A95D7E8-F0B8-4596-85F1-57C100A5D754}.Debug|Any CPU.ActiveCfg = Debug|Any CPU
		{1A95D7E8-F0B8-4596-85F1-57C100A5D754}.Debug|Any CPU.Build.0 = Debug|Any CPU
		{1A95D7E8-F0B8-4596-85F1-57C100A5D754}.Debug|Mixed Platforms.ActiveCfg = Debug|Any CPU
		{1A95D7E8-F0B8-4596-85F1-57C100A5D754}.Debug|Mixed Platforms.Build.0 = Debug|Any CPU
		{1A95D7E8-F0B8-4596-85F1-57C100A5D754}.Debug|x86.ActiveCfg = Debug|Any CPU
		{1A95D7E8-F0B8-4596-85F1-57C100A5D754}.Release|.NET.ActiveCfg = Release|Any CPU
		{1A95D7E8-F0B8-4596-85F1-57C100A5D754}.Release|Any CPU.ActiveCfg = Release|Any CPU
		{1A95D7E8-F0B8-4596-85F1-57C100A5D754}.Release|Any CPU.Build.0 = Release|Any CPU
		{1A95D7E8-F0B8-4596-85F1-57C100A5D754}.Release|Mixed Platforms.ActiveCfg = Release|Any CPU
		{1A95D7E8-F0B8-4596-85F1-57C100A5D754}.Release|Mixed Platforms.Build.0 = Release|Any CPU
		{1A95D7E8-F0B8-4596-85F1-57C100A5D754}.Release|x86.ActiveCfg = Release|Any CPU
		{87D7432C-9CCA-41BE-9B0C-CBFC57F518D5}.Debug|.NET.ActiveCfg = Debug|Any CPU
		{87D7432C-9CCA-41BE-9B0C-CBFC57F518D5}.Debug|Any CPU.ActiveCfg = Debug|Any CPU
		{87D7432C-9CCA-41BE-9B0C-CBFC57F518D5}.Debug|Any CPU.Build.0 = Debug|Any CPU
		{87D7432C-9CCA-41BE-9B0C-CBFC57F518D5}.Debug|Mixed Platforms.ActiveCfg = Debug|Any CPU
		{87D7432C-9CCA-41BE-9B0C-CBFC57F518D5}.Debug|Mixed Platforms.Build.0 = Debug|Any CPU
		{87D7432C-9CCA-41BE-9B0C-CBFC57F518D5}.Debug|x86.ActiveCfg = Debug|Any CPU
		{87D7432C-9CCA-41BE-9B0C-CBFC57F518D5}.Release|.NET.ActiveCfg = Release|Any CPU
		{87D7432C-9CCA-41BE-9B0C-CBFC57F518D5}.Release|Any CPU.ActiveCfg = Release|Any CPU
		{87D7432C-9CCA-41BE-9B0C-CBFC57F518D5}.Release|Any CPU.Build.0 = Release|Any CPU
		{87D7432C-9CCA-41BE-9B0C-CBFC57F518D5}.Release|Mixed Platforms.ActiveCfg = Release|Any CPU
		{87D7432C-9CCA-41BE-9B0C-CBFC57F518D5}.Release|Mixed Platforms.Build.0 = Release|Any CPU
		{87D7432C-9CCA-41BE-9B0C-CBFC57F518D5}.Release|x86.ActiveCfg = Release|Any CPU
		{04E6AAA7-DB10-4F61-BC6C-5211D189D40A}.Debug|.NET.ActiveCfg = Debug|Any CPU
		{04E6AAA7-DB10-4F61-BC6C-5211D189D40A}.Debug|Any CPU.ActiveCfg = Debug|Any CPU
		{04E6AAA7-DB10-4F61-BC6C-5211D189D40A}.Debug|Any CPU.Build.0 = Debug|Any CPU
		{04E6AAA7-DB10-4F61-BC6C-5211D189D40A}.Debug|Mixed Platforms.ActiveCfg = Debug|Any CPU
		{04E6AAA7-DB10-4F61-BC6C-5211D189D40A}.Debug|Mixed Platforms.Build.0 = Debug|Any CPU
		{04E6AAA7-DB10-4F61-BC6C-5211D189D40A}.Debug|x86.ActiveCfg = Debug|Any CPU
		{04E6AAA7-DB10-4F61-BC6C-5211D189D40A}.Release|.NET.ActiveCfg = Release|Any CPU
		{04E6AAA7-DB10-4F61-BC6C-5211D189D40A}.Release|Any CPU.ActiveCfg = Release|Any CPU
		{04E6AAA7-DB10-4F61-BC6C-5211D189D40A}.Release|Any CPU.Build.0 = Release|Any CPU
		{04E6AAA7-DB10-4F61-BC6C-5211D189D40A}.Release|Mixed Platforms.ActiveCfg = Release|Any CPU
		{04E6AAA7-DB10-4F61-BC6C-5211D189D40A}.Release|Mixed Platforms.Build.0 = Release|Any CPU
		{04E6AAA7-DB10-4F61-BC6C-5211D189D40A}.Release|x86.ActiveCfg = Release|Any CPU
		{613092A1-871D-427D-B007-B54EB4B98129}.Debug|.NET.ActiveCfg = Debug|Any CPU
		{613092A1-871D-427D-B007-B54EB4B98129}.Debug|Any CPU.ActiveCfg = Debug|Any CPU
		{613092A1-871D-427D-B007-B54EB4B98129}.Debug|Any CPU.Build.0 = Debug|Any CPU
		{613092A1-871D-427D-B007-B54EB4B98129}.Debug|Mixed Platforms.ActiveCfg = Debug|Any CPU
		{613092A1-871D-427D-B007-B54EB4B98129}.Debug|Mixed Platforms.Build.0 = Debug|Any CPU
		{613092A1-871D-427D-B007-B54EB4B98129}.Debug|x86.ActiveCfg = Debug|Any CPU
		{613092A1-871D-427D-B007-B54EB4B98129}.Release|.NET.ActiveCfg = Release|Any CPU
		{613092A1-871D-427D-B007-B54EB4B98129}.Release|Any CPU.ActiveCfg = Release|Any CPU
		{613092A1-871D-427D-B007-B54EB4B98129}.Release|Any CPU.Build.0 = Release|Any CPU
		{613092A1-871D-427D-B007-B54EB4B98129}.Release|Mixed Platforms.ActiveCfg = Release|Any CPU
		{613092A1-871D-427D-B007-B54EB4B98129}.Release|Mixed Platforms.Build.0 = Release|Any CPU
		{613092A1-871D-427D-B007-B54EB4B98129}.Release|x86.ActiveCfg = Release|Any CPU
		{51FF3671-EE9D-4F50-A980-DA97731B3C79}.Debug|.NET.ActiveCfg = Debug|x86
		{51FF3671-EE9D-4F50-A980-DA97731B3C79}.Debug|Any CPU.ActiveCfg = Debug|x86
		{51FF3671-EE9D-4F50-A980-DA97731B3C79}.Debug|Mixed Platforms.ActiveCfg = Debug|x86
		{51FF3671-EE9D-4F50-A980-DA97731B3C79}.Debug|Mixed Platforms.Build.0 = Debug|x86
		{51FF3671-EE9D-4F50-A980-DA97731B3C79}.Debug|x86.ActiveCfg = Debug|x86
		{51FF3671-EE9D-4F50-A980-DA97731B3C79}.Debug|x86.Build.0 = Debug|x86
		{51FF3671-EE9D-4F50-A980-DA97731B3C79}.Release|.NET.ActiveCfg = Release|x86
		{51FF3671-EE9D-4F50-A980-DA97731B3C79}.Release|Any CPU.ActiveCfg = Release|x86
		{51FF3671-EE9D-4F50-A980-DA97731B3C79}.Release|Mixed Platforms.ActiveCfg = Release|x86
		{51FF3671-EE9D-4F50-A980-DA97731B3C79}.Release|Mixed Platforms.Build.0 = Release|x86
		{51FF3671-EE9D-4F50-A980-DA97731B3C79}.Release|x86.ActiveCfg = Release|x86
		{51FF3671-EE9D-4F50-A980-DA97731B3C79}.Release|x86.Build.0 = Release|x86
	EndGlobalSection
	GlobalSection(SolutionProperties) = preSolution
		HideSolutionNode = FALSE
	EndGlobalSection
EndGlobal
